// !$*UTF8*$!
{
	archiveVersion = 1;
	classes = {
	};
	objectVersion = 77;
	objects = {

/* Begin PBXBuildFile section */
		178DEDE12EC5E0CA0014C227 /* KeychainAccess in Frameworks */ = {isa = PBXBuildFile; productRef = 178DEDE02EC5E0CA0014C227 /* KeychainAccess */; };
		179C3FF82ECDD98300EDAE31 /* NMapsMap in Frameworks */ = {isa = PBXBuildFile; productRef = 179C3FF72ECDD98300EDAE31 /* NMapsMap */; };
		17C580F22EBDE1440055A18E /* Alamofire in Frameworks */ = {isa = PBXBuildFile; productRef = 17C580F12EBDE1440055A18E /* Alamofire */; };
		17C580F52EBDE16D0055A18E /* Kingfisher in Frameworks */ = {isa = PBXBuildFile; productRef = 17C580F42EBDE16D0055A18E /* Kingfisher */; };
		17C580F82EBDE1B60055A18E /* FSCalendar in Frameworks */ = {isa = PBXBuildFile; productRef = 17C580F72EBDE1B60055A18E /* FSCalendar */; };
		3B5C4AAB2ECEE7AD00BA6325 /* RealmSwift in Frameworks */ = {isa = PBXBuildFile; productRef = 3B5C4AAA2ECEE7AD00BA6325 /* RealmSwift */; };
		3B5C4E6A2ED3560000BA6325 /* SocketIO in Frameworks */ = {isa = PBXBuildFile; productRef = 3B5C4E692ED3560000BA6325 /* SocketIO */; };
		9B8881FC2ECAE43400211811 /* KakaoSDK in Frameworks */ = {isa = PBXBuildFile; productRef = 9B8881FB2ECAE43400211811 /* KakaoSDK */; };
		9B8881FE2ECAE43400211811 /* KakaoSDKAuth in Frameworks */ = {isa = PBXBuildFile; productRef = 9B8881FD2ECAE43400211811 /* KakaoSDKAuth */; };
		9B8882002ECAE43400211811 /* KakaoSDKCommon in Frameworks */ = {isa = PBXBuildFile; productRef = 9B8881FF2ECAE43400211811 /* KakaoSDKCommon */; };
		9B8882022ECAE43400211811 /* KakaoSDKUser in Frameworks */ = {isa = PBXBuildFile; productRef = 9B8882012ECAE43400211811 /* KakaoSDKUser */; };
/* End PBXBuildFile section */

/* Begin PBXFileReference section */
		17C57DF12EBDCC0B0055A18E /* WeeMo.app */ = {isa = PBXFileReference; explicitFileType = wrapper.application; includeInIndex = 0; path = WeeMo.app; sourceTree = BUILT_PRODUCTS_DIR; };
/* End PBXFileReference section */

/* Begin PBXFileSystemSynchronizedBuildFileExceptionSet section */
		17C57F1F2EBDD2F50055A18E /* Exceptions for "WeeMo" folder in "WeeMo" target */ = {
			isa = PBXFileSystemSynchronizedBuildFileExceptionSet;
			membershipExceptions = (
				Application/Info.plist,
			);
			target = 17C57DF02EBDCC0B0055A18E /* WeeMo */;
		};
/* End PBXFileSystemSynchronizedBuildFileExceptionSet section */

/* Begin PBXFileSystemSynchronizedRootGroup section */
		17C57DF32EBDCC0B0055A18E /* WeeMo */ = {
			isa = PBXFileSystemSynchronizedRootGroup;
			exceptions = (
				17C57F1F2EBDD2F50055A18E /* Exceptions for "WeeMo" folder in "WeeMo" target */,
			);
			path = WeeMo;
			sourceTree = "<group>";
		};
/* End PBXFileSystemSynchronizedRootGroup section */

/* Begin PBXFrameworksBuildPhase section */
		17C57DEE2EBDCC0B0055A18E /* Frameworks */ = {
			isa = PBXFrameworksBuildPhase;
			buildActionMask = 2147483647;
			files = (
				178DEDE12EC5E0CA0014C227 /* KeychainAccess in Frameworks */,
				9B8882002ECAE43400211811 /* KakaoSDKCommon in Frameworks */,
				9B8881FC2ECAE43400211811 /* KakaoSDK in Frameworks */,
				3B5C4E6A2ED3560000BA6325 /* SocketIO in Frameworks */,
				3B5C4AAB2ECEE7AD00BA6325 /* RealmSwift in Frameworks */,
				17C580F52EBDE16D0055A18E /* Kingfisher in Frameworks */,
				179C3FF82ECDD98300EDAE31 /* NMapsMap in Frameworks */,
				9B8882022ECAE43400211811 /* KakaoSDKUser in Frameworks */,
				17C580F82EBDE1B60055A18E /* FSCalendar in Frameworks */,
				17C580F22EBDE1440055A18E /* Alamofire in Frameworks */,
				9B8881FE2ECAE43400211811 /* KakaoSDKAuth in Frameworks */,
			);
			runOnlyForDeploymentPostprocessing = 0;
		};
/* End PBXFrameworksBuildPhase section */

/* Begin PBXGroup section */
		17C57DE82EBDCC0B0055A18E = {
			isa = PBXGroup;
			children = (
				17C57DF32EBDCC0B0055A18E /* WeeMo */,
				17C57DF22EBDCC0B0055A18E /* Products */,
			);
			sourceTree = "<group>";
		};
		17C57DF22EBDCC0B0055A18E /* Products */ = {
			isa = PBXGroup;
			children = (
				17C57DF12EBDCC0B0055A18E /* WeeMo.app */,
			);
			name = Products;
			sourceTree = "<group>";
		};
/* End PBXGroup section */

/* Begin PBXNativeTarget section */
		17C57DF02EBDCC0B0055A18E /* WeeMo */ = {
			isa = PBXNativeTarget;
			buildConfigurationList = 17C57DFC2EBDCC0D0055A18E /* Build configuration list for PBXNativeTarget "WeeMo" */;
			buildPhases = (
				17C57DED2EBDCC0B0055A18E /* Sources */,
				17C57DEE2EBDCC0B0055A18E /* Frameworks */,
				17C57DEF2EBDCC0B0055A18E /* Resources */,
			);
			buildRules = (
			);
			dependencies = (
			);
			fileSystemSynchronizedGroups = (
				17C57DF32EBDCC0B0055A18E /* WeeMo */,
			);
			name = WeeMo;
			packageProductDependencies = (
				17C580F12EBDE1440055A18E /* Alamofire */,
				17C580F42EBDE16D0055A18E /* Kingfisher */,
				17C580F72EBDE1B60055A18E /* FSCalendar */,
				178DEDE02EC5E0CA0014C227 /* KeychainAccess */,
				9B8881FB2ECAE43400211811 /* KakaoSDK */,
				9B8881FD2ECAE43400211811 /* KakaoSDKAuth */,
				9B8881FF2ECAE43400211811 /* KakaoSDKCommon */,
				9B8882012ECAE43400211811 /* KakaoSDKUser */,
				179C3FF72ECDD98300EDAE31 /* NMapsMap */,
				3B5C4AAA2ECEE7AD00BA6325 /* RealmSwift */,
				3B5C4E692ED3560000BA6325 /* SocketIO */,
			);
			productName = WeeMo;
			productReference = 17C57DF12EBDCC0B0055A18E /* WeeMo.app */;
			productType = "com.apple.product-type.application";
		};
/* End PBXNativeTarget section */

/* Begin PBXProject section */
		17C57DE92EBDCC0B0055A18E /* Project object */ = {
			isa = PBXProject;
			attributes = {
				BuildIndependentTargetsInParallel = 1;
				LastSwiftUpdateCheck = 2600;
				LastUpgradeCheck = 2600;
				TargetAttributes = {
					17C57DF02EBDCC0B0055A18E = {
						CreatedOnToolsVersion = 26.0.1;
					};
				};
			};
			buildConfigurationList = 17C57DEC2EBDCC0B0055A18E /* Build configuration list for PBXProject "WeeMo" */;
			developmentRegion = en;
			hasScannedForEncodings = 0;
			knownRegions = (
				en,
				Base,
			);
			mainGroup = 17C57DE82EBDCC0B0055A18E;
			minimizedProjectReferenceProxies = 1;
			packageReferences = (
				17C580F02EBDE1440055A18E /* XCRemoteSwiftPackageReference "Alamofire" */,
				17C580F32EBDE16D0055A18E /* XCRemoteSwiftPackageReference "Kingfisher" */,
				17C580F62EBDE1B60055A18E /* XCRemoteSwiftPackageReference "FSCalendar" */,
				178DEDDF2EC5E0CA0014C227 /* XCRemoteSwiftPackageReference "KeychainAccess" */,
				9B8881FA2ECAE43400211811 /* XCRemoteSwiftPackageReference "kakao-ios-sdk" */,
				179C3FF62ECDD98300EDAE31 /* XCRemoteSwiftPackageReference "SPM-NMapsMap" */,
				3B5C4AA92ECEE7AD00BA6325 /* XCRemoteSwiftPackageReference "realm-swift" */,
				3B5C4E682ED3560000BA6325 /* XCRemoteSwiftPackageReference "socket" */,
			);
			preferredProjectObjectVersion = 77;
			productRefGroup = 17C57DF22EBDCC0B0055A18E /* Products */;
			projectDirPath = "";
			projectRoot = "";
			targets = (
				17C57DF02EBDCC0B0055A18E /* WeeMo */,
			);
		};
/* End PBXProject section */

/* Begin PBXResourcesBuildPhase section */
		17C57DEF2EBDCC0B0055A18E /* Resources */ = {
			isa = PBXResourcesBuildPhase;
			buildActionMask = 2147483647;
			files = (
			);
			runOnlyForDeploymentPostprocessing = 0;
		};
/* End PBXResourcesBuildPhase section */

/* Begin PBXSourcesBuildPhase section */
		17C57DED2EBDCC0B0055A18E /* Sources */ = {
			isa = PBXSourcesBuildPhase;
			buildActionMask = 2147483647;
			files = (
			);
			runOnlyForDeploymentPostprocessing = 0;
		};
/* End PBXSourcesBuildPhase section */

/* Begin XCBuildConfiguration section */
		17C57DFA2EBDCC0D0055A18E /* Debug */ = {
			isa = XCBuildConfiguration;
			buildSettings = {
				ALWAYS_SEARCH_USER_PATHS = NO;
				ASSETCATALOG_COMPILER_GENERATE_SWIFT_ASSET_SYMBOL_EXTENSIONS = YES;
				CLANG_ANALYZER_NONNULL = YES;
				CLANG_ANALYZER_NUMBER_OBJECT_CONVERSION = YES_AGGRESSIVE;
				CLANG_CXX_LANGUAGE_STANDARD = "gnu++20";
				CLANG_ENABLE_MODULES = YES;
				CLANG_ENABLE_OBJC_ARC = YES;
				CLANG_ENABLE_OBJC_WEAK = YES;
				CLANG_WARN_BLOCK_CAPTURE_AUTORELEASING = YES;
				CLANG_WARN_BOOL_CONVERSION = YES;
				CLANG_WARN_COMMA = YES;
				CLANG_WARN_CONSTANT_CONVERSION = YES;
				CLANG_WARN_DEPRECATED_OBJC_IMPLEMENTATIONS = YES;
				CLANG_WARN_DIRECT_OBJC_ISA_USAGE = YES_ERROR;
				CLANG_WARN_DOCUMENTATION_COMMENTS = YES;
				CLANG_WARN_EMPTY_BODY = YES;
				CLANG_WARN_ENUM_CONVERSION = YES;
				CLANG_WARN_INFINITE_RECURSION = YES;
				CLANG_WARN_INT_CONVERSION = YES;
				CLANG_WARN_NON_LITERAL_NULL_CONVERSION = YES;
				CLANG_WARN_OBJC_IMPLICIT_RETAIN_SELF = YES;
				CLANG_WARN_OBJC_LITERAL_CONVERSION = YES;
				CLANG_WARN_OBJC_ROOT_CLASS = YES_ERROR;
				CLANG_WARN_QUOTED_INCLUDE_IN_FRAMEWORK_HEADER = YES;
				CLANG_WARN_RANGE_LOOP_ANALYSIS = YES;
				CLANG_WARN_STRICT_PROTOTYPES = YES;
				CLANG_WARN_SUSPICIOUS_MOVE = YES;
				CLANG_WARN_UNGUARDED_AVAILABILITY = YES_AGGRESSIVE;
				CLANG_WARN_UNREACHABLE_CODE = YES;
				CLANG_WARN__DUPLICATE_METHOD_MATCH = YES;
				COPY_PHASE_STRIP = NO;
				DEBUG_INFORMATION_FORMAT = dwarf;
				ENABLE_STRICT_OBJC_MSGSEND = YES;
				ENABLE_TESTABILITY = YES;
				ENABLE_USER_SCRIPT_SANDBOXING = YES;
				GCC_C_LANGUAGE_STANDARD = gnu17;
				GCC_DYNAMIC_NO_PIC = NO;
				GCC_NO_COMMON_BLOCKS = YES;
				GCC_OPTIMIZATION_LEVEL = 0;
				GCC_PREPROCESSOR_DEFINITIONS = (
					"DEBUG=1",
					"$(inherited)",
				);
				GCC_WARN_64_TO_32_BIT_CONVERSION = YES;
				GCC_WARN_ABOUT_RETURN_TYPE = YES_ERROR;
				GCC_WARN_UNDECLARED_SELECTOR = YES;
				GCC_WARN_UNINITIALIZED_AUTOS = YES_AGGRESSIVE;
				GCC_WARN_UNUSED_FUNCTION = YES;
				GCC_WARN_UNUSED_VARIABLE = YES;
				IPHONEOS_DEPLOYMENT_TARGET = 26.0;
				LOCALIZATION_PREFERS_STRING_CATALOGS = YES;
				MTL_ENABLE_DEBUG_INFO = INCLUDE_SOURCE;
				MTL_FAST_MATH = YES;
				ONLY_ACTIVE_ARCH = YES;
				SDKROOT = iphoneos;
				SWIFT_ACTIVE_COMPILATION_CONDITIONS = "DEBUG $(inherited)";
				SWIFT_OPTIMIZATION_LEVEL = "-Onone";
			};
			name = Debug;
		};
		17C57DFB2EBDCC0D0055A18E /* Release */ = {
			isa = XCBuildConfiguration;
			buildSettings = {
				ALWAYS_SEARCH_USER_PATHS = NO;
				ASSETCATALOG_COMPILER_GENERATE_SWIFT_ASSET_SYMBOL_EXTENSIONS = YES;
				CLANG_ANALYZER_NONNULL = YES;
				CLANG_ANALYZER_NUMBER_OBJECT_CONVERSION = YES_AGGRESSIVE;
				CLANG_CXX_LANGUAGE_STANDARD = "gnu++20";
				CLANG_ENABLE_MODULES = YES;
				CLANG_ENABLE_OBJC_ARC = YES;
				CLANG_ENABLE_OBJC_WEAK = YES;
				CLANG_WARN_BLOCK_CAPTURE_AUTORELEASING = YES;
				CLANG_WARN_BOOL_CONVERSION = YES;
				CLANG_WARN_COMMA = YES;
				CLANG_WARN_CONSTANT_CONVERSION = YES;
				CLANG_WARN_DEPRECATED_OBJC_IMPLEMENTATIONS = YES;
				CLANG_WARN_DIRECT_OBJC_ISA_USAGE = YES_ERROR;
				CLANG_WARN_DOCUMENTATION_COMMENTS = YES;
				CLANG_WARN_EMPTY_BODY = YES;
				CLANG_WARN_ENUM_CONVERSION = YES;
				CLANG_WARN_INFINITE_RECURSION = YES;
				CLANG_WARN_INT_CONVERSION = YES;
				CLANG_WARN_NON_LITERAL_NULL_CONVERSION = YES;
				CLANG_WARN_OBJC_IMPLICIT_RETAIN_SELF = YES;
				CLANG_WARN_OBJC_LITERAL_CONVERSION = YES;
				CLANG_WARN_OBJC_ROOT_CLASS = YES_ERROR;
				CLANG_WARN_QUOTED_INCLUDE_IN_FRAMEWORK_HEADER = YES;
				CLANG_WARN_RANGE_LOOP_ANALYSIS = YES;
				CLANG_WARN_STRICT_PROTOTYPES = YES;
				CLANG_WARN_SUSPICIOUS_MOVE = YES;
				CLANG_WARN_UNGUARDED_AVAILABILITY = YES_AGGRESSIVE;
				CLANG_WARN_UNREACHABLE_CODE = YES;
				CLANG_WARN__DUPLICATE_METHOD_MATCH = YES;
				COPY_PHASE_STRIP = NO;
				DEBUG_INFORMATION_FORMAT = "dwarf-with-dsym";
				ENABLE_NS_ASSERTIONS = NO;
				ENABLE_STRICT_OBJC_MSGSEND = YES;
				ENABLE_USER_SCRIPT_SANDBOXING = YES;
				GCC_C_LANGUAGE_STANDARD = gnu17;
				GCC_NO_COMMON_BLOCKS = YES;
				GCC_WARN_64_TO_32_BIT_CONVERSION = YES;
				GCC_WARN_ABOUT_RETURN_TYPE = YES_ERROR;
				GCC_WARN_UNDECLARED_SELECTOR = YES;
				GCC_WARN_UNINITIALIZED_AUTOS = YES_AGGRESSIVE;
				GCC_WARN_UNUSED_FUNCTION = YES;
				GCC_WARN_UNUSED_VARIABLE = YES;
				IPHONEOS_DEPLOYMENT_TARGET = 26.0;
				LOCALIZATION_PREFERS_STRING_CATALOGS = YES;
				MTL_ENABLE_DEBUG_INFO = NO;
				MTL_FAST_MATH = YES;
				SDKROOT = iphoneos;
				SWIFT_COMPILATION_MODE = wholemodule;
				VALIDATE_PRODUCT = YES;
			};
			name = Release;
		};
		17C57DFD2EBDCC0D0055A18E /* Debug */ = {
			isa = XCBuildConfiguration;
			baseConfigurationReferenceAnchor = 17C57DF32EBDCC0B0055A18E /* WeeMo */;
			baseConfigurationReferenceRelativePath = Secret/WeeMoKey.xcconfig;
			buildSettings = {
				ASSETCATALOG_COMPILER_APPICON_NAME = AppIcon;
				ASSETCATALOG_COMPILER_GLOBAL_ACCENT_COLOR_NAME = AccentColor;
				CODE_SIGN_STYLE = Automatic;
				CURRENT_PROJECT_VERSION = 1;
				DEVELOPMENT_TEAM = 4G4JFKFU2U;
				ENABLE_PREVIEWS = YES;
				GENERATE_INFOPLIST_FILE = YES;
				INFOPLIST_FILE = WeeMo/Application/Info.plist;
				INFOPLIST_KEY_UIApplicationSceneManifest_Generation = YES;
				INFOPLIST_KEY_UIApplicationSupportsIndirectInputEvents = YES;
				INFOPLIST_KEY_UILaunchScreen_Generation = YES;
				INFOPLIST_KEY_UISupportedInterfaceOrientations = UIInterfaceOrientationPortrait;
				INFOPLIST_KEY_UISupportedInterfaceOrientations_iPad = UIInterfaceOrientationPortrait;
				IPHONEOS_DEPLOYMENT_TARGET = 17.0;
				LD_RUNPATH_SEARCH_PATHS = (
					"$(inherited)",
					"@executable_path/Frameworks",
				);
				MARKETING_VERSION = 1.0.0;
				PRODUCT_BUNDLE_IDENTIFIER = com.TeamWeeMo.WeeMo;
				PRODUCT_NAME = "$(TARGET_NAME)";
				STRING_CATALOG_GENERATE_SYMBOLS = YES;
				SUPPORTED_PLATFORMS = "iphoneos iphonesimulator";
				SUPPORTS_MACCATALYST = NO;
				SUPPORTS_MAC_DESIGNED_FOR_IPHONE_IPAD = NO;
				SUPPORTS_XR_DESIGNED_FOR_IPHONE_IPAD = NO;
				SWIFT_APPROACHABLE_CONCURRENCY = YES;
				SWIFT_DEFAULT_ACTOR_ISOLATION = nonisolated;
				SWIFT_EMIT_LOC_STRINGS = YES;
				SWIFT_UPCOMING_FEATURE_MEMBER_IMPORT_VISIBILITY = YES;
				SWIFT_VERSION = 5.0;
				TARGETED_DEVICE_FAMILY = 1;
			};
			name = Debug;
		};
		17C57DFE2EBDCC0D0055A18E /* Release */ = {
			isa = XCBuildConfiguration;
			buildSettings = {
				ASSETCATALOG_COMPILER_APPICON_NAME = AppIcon;
				ASSETCATALOG_COMPILER_GLOBAL_ACCENT_COLOR_NAME = AccentColor;
				CODE_SIGN_STYLE = Automatic;
				CURRENT_PROJECT_VERSION = 1;
				DEVELOPMENT_TEAM = 4G4JFKFU2U;
				ENABLE_PREVIEWS = YES;
				GENERATE_INFOPLIST_FILE = YES;
				INFOPLIST_FILE = WeeMo/Application/Info.plist;
				INFOPLIST_KEY_UIApplicationSceneManifest_Generation = YES;
				INFOPLIST_KEY_UIApplicationSupportsIndirectInputEvents = YES;
				INFOPLIST_KEY_UILaunchScreen_Generation = YES;
				INFOPLIST_KEY_UISupportedInterfaceOrientations = UIInterfaceOrientationPortrait;
				INFOPLIST_KEY_UISupportedInterfaceOrientations_iPad = UIInterfaceOrientationPortrait;
				IPHONEOS_DEPLOYMENT_TARGET = 17.0;
				LD_RUNPATH_SEARCH_PATHS = (
					"$(inherited)",
					"@executable_path/Frameworks",
				);
				MARKETING_VERSION = 1.0.0;
				PRODUCT_BUNDLE_IDENTIFIER = com.TeamWeeMo.WeeMo;
				PRODUCT_NAME = "$(TARGET_NAME)";
				STRING_CATALOG_GENERATE_SYMBOLS = YES;
				SUPPORTED_PLATFORMS = "iphoneos iphonesimulator";
				SUPPORTS_MACCATALYST = NO;
				SUPPORTS_MAC_DESIGNED_FOR_IPHONE_IPAD = NO;
				SUPPORTS_XR_DESIGNED_FOR_IPHONE_IPAD = NO;
				SWIFT_APPROACHABLE_CONCURRENCY = YES;
				SWIFT_DEFAULT_ACTOR_ISOLATION = nonisolated;
				SWIFT_EMIT_LOC_STRINGS = YES;
				SWIFT_UPCOMING_FEATURE_MEMBER_IMPORT_VISIBILITY = YES;
				SWIFT_VERSION = 5.0;
				TARGETED_DEVICE_FAMILY = 1;
			};
			name = Release;
		};
/* End XCBuildConfiguration section */

/* Begin XCConfigurationList section */
		17C57DEC2EBDCC0B0055A18E /* Build configuration list for PBXProject "WeeMo" */ = {
			isa = XCConfigurationList;
			buildConfigurations = (
				17C57DFA2EBDCC0D0055A18E /* Debug */,
				17C57DFB2EBDCC0D0055A18E /* Release */,
			);
			defaultConfigurationIsVisible = 0;
			defaultConfigurationName = Release;
		};
		17C57DFC2EBDCC0D0055A18E /* Build configuration list for PBXNativeTarget "WeeMo" */ = {
			isa = XCConfigurationList;
			buildConfigurations = (
				17C57DFD2EBDCC0D0055A18E /* Debug */,
				17C57DFE2EBDCC0D0055A18E /* Release */,
			);
			defaultConfigurationIsVisible = 0;
			defaultConfigurationName = Release;
		};
/* End XCConfigurationList section */

/* Begin XCRemoteSwiftPackageReference section */
		178DEDDF2EC5E0CA0014C227 /* XCRemoteSwiftPackageReference "KeychainAccess" */ = {
			isa = XCRemoteSwiftPackageReference;
			repositoryURL = "https://github.com/kishikawakatsumi/KeychainAccess.git";
			requirement = {
				branch = master;
				kind = branch;
			};
		};
		179C3FF62ECDD98300EDAE31 /* XCRemoteSwiftPackageReference "SPM-NMapsMap" */ = {
			isa = XCRemoteSwiftPackageReference;
			repositoryURL = "https://github.com/navermaps/SPM-NMapsMap";
			requirement = {
				kind = upToNextMajorVersion;
				minimumVersion = 3.23.0;
			};
		};
		17C580F02EBDE1440055A18E /* XCRemoteSwiftPackageReference "Alamofire" */ = {
			isa = XCRemoteSwiftPackageReference;
			repositoryURL = "https://github.com/Alamofire/Alamofire";
			requirement = {
				kind = upToNextMajorVersion;
				minimumVersion = 5.10.2;
			};
		};
		17C580F32EBDE16D0055A18E /* XCRemoteSwiftPackageReference "Kingfisher" */ = {
			isa = XCRemoteSwiftPackageReference;
			repositoryURL = "https://github.com/onevcat/Kingfisher.git";
			requirement = {
				kind = upToNextMajorVersion;
				minimumVersion = 8.6.1;
			};
		};
		17C580F62EBDE1B60055A18E /* XCRemoteSwiftPackageReference "FSCalendar" */ = {
			isa = XCRemoteSwiftPackageReference;
			repositoryURL = "https://github.com/WenchaoD/FSCalendar.git";
			requirement = {
				kind = upToNextMajorVersion;
				minimumVersion = 2.8.4;
			};
		};
		3B5C4AA92ECEE7AD00BA6325 /* XCRemoteSwiftPackageReference "realm-swift" */ = {
			isa = XCRemoteSwiftPackageReference;
			repositoryURL = "https://github.com/realm/realm-swift.git";
			requirement = {
				kind = exactVersion;
				version = 20.0.3;
			};
		};
		3B5C4E682ED3560000BA6325 /* XCRemoteSwiftPackageReference "socket" */ = {
			isa = XCRemoteSwiftPackageReference;
			repositoryURL = "https://github.com/socketio/socket.io-client-swift";
			requirement = {
				branch = master;
				kind = branch;
			};
		};
		9B8881FA2ECAE43400211811 /* XCRemoteSwiftPackageReference "kakao-ios-sdk" */ = {
			isa = XCRemoteSwiftPackageReference;
			repositoryURL = "https://github.com/kakao/kakao-ios-sdk.git";
			requirement = {
				kind = upToNextMajorVersion;
				minimumVersion = 2.26.0;
			};
		};
/* End XCRemoteSwiftPackageReference section */

/* Begin XCSwiftPackageProductDependency section */
		178DEDE02EC5E0CA0014C227 /* KeychainAccess */ = {
			isa = XCSwiftPackageProductDependency;
			package = 178DEDDF2EC5E0CA0014C227 /* XCRemoteSwiftPackageReference "KeychainAccess" */;
			productName = KeychainAccess;
		};
		179C3FF72ECDD98300EDAE31 /* NMapsMap */ = {
			isa = XCSwiftPackageProductDependency;
			package = 179C3FF62ECDD98300EDAE31 /* XCRemoteSwiftPackageReference "SPM-NMapsMap" */;
			productName = NMapsMap;
		};
		17C580F12EBDE1440055A18E /* Alamofire */ = {
			isa = XCSwiftPackageProductDependency;
			package = 17C580F02EBDE1440055A18E /* XCRemoteSwiftPackageReference "Alamofire" */;
			productName = Alamofire;
		};
		17C580F42EBDE16D0055A18E /* Kingfisher */ = {
			isa = XCSwiftPackageProductDependency;
			package = 17C580F32EBDE16D0055A18E /* XCRemoteSwiftPackageReference "Kingfisher" */;
			productName = Kingfisher;
		};
		17C580F72EBDE1B60055A18E /* FSCalendar */ = {
			isa = XCSwiftPackageProductDependency;
			package = 17C580F62EBDE1B60055A18E /* XCRemoteSwiftPackageReference "FSCalendar" */;
			productName = FSCalendar;
		};
		3B5C4AAA2ECEE7AD00BA6325 /* RealmSwift */ = {
			isa = XCSwiftPackageProductDependency;
			package = 3B5C4AA92ECEE7AD00BA6325 /* XCRemoteSwiftPackageReference "realm-swift" */;
			productName = RealmSwift;
		};
		3B5C4E692ED3560000BA6325 /* SocketIO */ = {
			isa = XCSwiftPackageProductDependency;
			package = 3B5C4E682ED3560000BA6325 /* XCRemoteSwiftPackageReference "socket" */;
			productName = SocketIO;
		};
		9B8881FB2ECAE43400211811 /* KakaoSDK */ = {
			isa = XCSwiftPackageProductDependency;
			package = 9B8881FA2ECAE43400211811 /* XCRemoteSwiftPackageReference "kakao-ios-sdk" */;
			productName = KakaoSDK;
		};
		9B8881FD2ECAE43400211811 /* KakaoSDKAuth */ = {
			isa = XCSwiftPackageProductDependency;
			package = 9B8881FA2ECAE43400211811 /* XCRemoteSwiftPackageReference "kakao-ios-sdk" */;
			productName = KakaoSDKAuth;
		};
		9B8881FF2ECAE43400211811 /* KakaoSDKCommon */ = {
			isa = XCSwiftPackageProductDependency;
			package = 9B8881FA2ECAE43400211811 /* XCRemoteSwiftPackageReference "kakao-ios-sdk" */;
			productName = KakaoSDKCommon;
		};
		9B8882012ECAE43400211811 /* KakaoSDKUser */ = {
			isa = XCSwiftPackageProductDependency;
			package = 9B8881FA2ECAE43400211811 /* XCRemoteSwiftPackageReference "kakao-ios-sdk" */;
			productName = KakaoSDKUser;
		};
/* End XCSwiftPackageProductDependency section */
	};
	rootObject = 17C57DE92EBDCC0B0055A18E /* Project object */;
}
